
Microsoft Visual Studio Solution File, Format Version 12.00
# Visual Studio Version 17
VisualStudioVersion = 17.6.33829.357
MinimumVisualStudioVersion = 10.0.40219.1
Project("{FAE04EC0-301F-11D3-BF4B-00C04F79EFBC}") = "NoteTakingApp", "NoteTakingApp.csproj", "{4375E1B4-9BE1-45E0-8289-75ABD78AAAE5}"
EndProject
Global
	GlobalSection(SolutionConfigurationPlatforms) = preSolution
		Debug|Any CPU = Debug|Any CPU
		Release|Any CPU = Release|Any CPU
	EndGlobalSection
	GlobalSection(ProjectConfigurationPlatforms) = postSolution
		{4375E1B4-9BE1-45E0-8289-75ABD78AAAE5}.Debug|Any CPU.ActiveCfg = Debug|Any CPU
		{4375E1B4-9BE1-45E0-8289-75ABD78AAAE5}.Debug|Any CPU.Build.0 = Debug|Any CPU
		{4375E1B4-9BE1-45E0-8289-75ABD78AAAE5}.Release|Any CPU.ActiveCfg = Release|Any CPU
		{4375E1B4-9BE1-45E0-8289-75ABD78AAAE5}.Release|Any CPU.Build.0 = Release|Any CPU
	EndGlobalSection
	GlobalSection(SolutionProperties) = preSolution
		HideSolutionNode = FALSE
	EndGlobalSection
	GlobalSection(ExtensibilityGlobals) = postSolution
		SolutionGuid = {C2DB02D3-44A1-4DE3-A0B9-D0444FAE99CA}
	EndGlobalSection
EndGlobal
